
Microsoft Visual Studio Solution File, Format Version 12.00
# Visual Studio 15
VisualStudioVersion = 15.0.27004.2009
MinimumVisualStudioVersion = 10.0.40219.1
Project("{FAE04EC0-301F-11D3-BF4B-00C04F79EFBC}") = "PosAppV2", "PosAppV2\PosAppV2.csproj", "{894DEA7E-9495-414E-A736-9D238E5B2C0D}"
EndProject
Global
	GlobalSection(SolutionConfigurationPlatforms) = preSolution
		Debug|Any CPU = Debug|Any CPU
		Release|Any CPU = Release|Any CPU
	EndGlobalSection
	GlobalSection(ProjectConfigurationPlatforms) = postSolution
		{894DEA7E-9495-414E-A736-9D238E5B2C0D}.Debug|Any CPU.ActiveCfg = Debug|Any CPU
		{894DEA7E-9495-414E-A736-9D238E5B2C0D}.Debug|Any CPU.Build.0 = Debug|Any CPU
		{894DEA7E-9495-414E-A736-9D238E5B2C0D}.Release|Any CPU.ActiveCfg = Release|Any CPU
		{894DEA7E-9495-414E-A736-9D238E5B2C0D}.Release|Any CPU.Build.0 = Release|Any CPU
	EndGlobalSection
	GlobalSection(SolutionProperties) = preSolution
		HideSolutionNode = FALSE
	EndGlobalSection
	GlobalSection(ExtensibilityGlobals) = postSolution
		SolutionGuid = {96B66BF4-BB89-473C-9DEA-5EC3539BEF05}
	EndGlobalSection
EndGlobal
